
Microsoft Visual Studio Solution File, Format Version 12.00
# Visual Studio Version 16
VisualStudioVersion = 16.0.29911.84
MinimumVisualStudioVersion = 10.0.40219.1
Project("{FAE04EC0-301F-11D3-BF4B-00C04F79EFBC}") = "CalcApp_Foem", "CalcApp_Foem\CalcApp_Foem.csproj", "{A62BDF39-9060-4BAE-B219-19FD2444CE0C}"
EndProject
Global
	GlobalSection(SolutionConfigurationPlatforms) = preSolution
		Debug|Any CPU = Debug|Any CPU
		Release|Any CPU = Release|Any CPU
	EndGlobalSection
	GlobalSection(ProjectConfigurationPlatforms) = postSolution
		{A62BDF39-9060-4BAE-B219-19FD2444CE0C}.Debug|Any CPU.ActiveCfg = Debug|Any CPU
		{A62BDF39-9060-4BAE-B219-19FD2444CE0C}.Debug|Any CPU.Build.0 = Debug|Any CPU
		{A62BDF39-9060-4BAE-B219-19FD2444CE0C}.Release|Any CPU.ActiveCfg = Release|Any CPU
		{A62BDF39-9060-4BAE-B219-19FD2444CE0C}.Release|Any CPU.Build.0 = Release|Any CPU
	EndGlobalSection
	GlobalSection(SolutionProperties) = preSolution
		HideSolutionNode = FALSE
	EndGlobalSection
	GlobalSection(ExtensibilityGlobals) = postSolution
		SolutionGuid = {79F21A2F-96AE-4F2B-8224-28B4FFC4FD78}
	EndGlobalSection
EndGlobal
